
Microsoft Visual Studio Solution File, Format Version 12.00
# Visual Studio Version 16
VisualStudioVersion = 16.0.31729.503
MinimumVisualStudioVersion = 10.0.40219.1
Project("{9A19103F-16F7-4668-BE54-9A1E7A4F7556}") = "RazorTrainingApp", "RazorTrainingApp\RazorTrainingApp.csproj", "{6215057D-BD3B-48DA-9AAE-C934753B830E}"
EndProject
Project("{9A19103F-16F7-4668-BE54-9A1E7A4F7556}") = "AppTests", "AppTests\AppTests.csproj", "{D6054E5A-1E95-4249-AEC7-F28188D9C7F9}"
EndProject
Project("{FAE04EC0-301F-11D3-BF4B-00C04F79EFBC}") = "LINQTrainingApp", "LINQTrainingApp\LINQTrainingApp.csproj", "{0D531D58-8B51-43FE-A3B6-57860CD818DD}"
EndProject
Global
	GlobalSection(SolutionConfigurationPlatforms) = preSolution
		Debug|Any CPU = Debug|Any CPU
		Release|Any CPU = Release|Any CPU
	EndGlobalSection
	GlobalSection(ProjectConfigurationPlatforms) = postSolution
		{6215057D-BD3B-48DA-9AAE-C934753B830E}.Debug|Any CPU.ActiveCfg = Debug|Any CPU
		{6215057D-BD3B-48DA-9AAE-C934753B830E}.Debug|Any CPU.Build.0 = Debug|Any CPU
		{6215057D-BD3B-48DA-9AAE-C934753B830E}.Release|Any CPU.ActiveCfg = Release|Any CPU
		{6215057D-BD3B-48DA-9AAE-C934753B830E}.Release|Any CPU.Build.0 = Release|Any CPU
		{D6054E5A-1E95-4249-AEC7-F28188D9C7F9}.Debug|Any CPU.ActiveCfg = Debug|Any CPU
		{D6054E5A-1E95-4249-AEC7-F28188D9C7F9}.Debug|Any CPU.Build.0 = Debug|Any CPU
		{D6054E5A-1E95-4249-AEC7-F28188D9C7F9}.Release|Any CPU.ActiveCfg = Release|Any CPU
		{D6054E5A-1E95-4249-AEC7-F28188D9C7F9}.Release|Any CPU.Build.0 = Release|Any CPU
		{0D531D58-8B51-43FE-A3B6-57860CD818DD}.Debug|Any CPU.ActiveCfg = Debug|Any CPU
		{0D531D58-8B51-43FE-A3B6-57860CD818DD}.Debug|Any CPU.Build.0 = Debug|Any CPU
		{0D531D58-8B51-43FE-A3B6-57860CD818DD}.Release|Any CPU.ActiveCfg = Release|Any CPU
		{0D531D58-8B51-43FE-A3B6-57860CD818DD}.Release|Any CPU.Build.0 = Release|Any CPU
	EndGlobalSection
	GlobalSection(SolutionProperties) = preSolution
		HideSolutionNode = FALSE
	EndGlobalSection
	GlobalSection(ExtensibilityGlobals) = postSolution
		SolutionGuid = {D04A4745-4CF5-4A65-A4B5-B79EE9FF7C25}
	EndGlobalSection
EndGlobal
